
Microsoft Visual Studio Solution File, Format Version 12.00
# Visual Studio Version 17
VisualStudioVersion = 17.0.31612.314
MinimumVisualStudioVersion = 10.0.40219.1
Project("{FAE04EC0-301F-11D3-BF4B-00C04F79EFBC}") = "AarhusWebDevCoop", "AarhusWebDevCoop.csproj", "{2713C378-168C-4B6C-AEBE-CFC226F0866D}"
EndProject
Global
	GlobalSection(SolutionConfigurationPlatforms) = preSolution
		Debug|Any CPU = Debug|Any CPU
		Release|Any CPU = Release|Any CPU
	EndGlobalSection
	GlobalSection(ProjectConfigurationPlatforms) = postSolution
		{2713C378-168C-4B6C-AEBE-CFC226F0866D}.Debug|Any CPU.ActiveCfg = Debug|Any CPU
		{2713C378-168C-4B6C-AEBE-CFC226F0866D}.Debug|Any CPU.Build.0 = Debug|Any CPU
		{2713C378-168C-4B6C-AEBE-CFC226F0866D}.Release|Any CPU.ActiveCfg = Release|Any CPU
		{2713C378-168C-4B6C-AEBE-CFC226F0866D}.Release|Any CPU.Build.0 = Release|Any CPU
	EndGlobalSection
	GlobalSection(SolutionProperties) = preSolution
		HideSolutionNode = FALSE
	EndGlobalSection
	GlobalSection(ExtensibilityGlobals) = postSolution
		SolutionGuid = {3A646034-75D2-428D-A0FE-20D79CA33CC4}
	EndGlobalSection
EndGlobal
